# THIS IS AN AUTOGENERATED FILE. DO NOT EDIT THIS FILE DIRECTLY.
# yarn lockfile v1


"@fortawesome/fontawesome-free@^5.11.2":
  version "5.11.2"
  resolved "https://registry.yarnpkg.com/@fortawesome/fontawesome-free/-/fontawesome-free-5.11.2.tgz#8644bc25b19475779a7b7c1fc104bc0a794f4465"
  integrity sha512-XiUPoS79r1G7PcpnNtq85TJ7inJWe0v+b5oZJZKb0pGHNIV6+UiNeQWiFGmuQ0aj7GEhnD/v9iqxIsjuRKtEnQ==

"@types/luxon@^1.15.2":
  version "1.15.2"
  resolved "https://registry.yarnpkg.com/@types/luxon/-/luxon-1.15.2.tgz#528f11f7d6dc08cec0445d4bea8065a5bb6989b2"
  integrity sha512-zHPoyVrLvNaiMRYdhmh88Rn489ZgAgbc6iLxR5Yi0VCNfeNYHcszbhJV2vDHLNrVGy35BPtWBRn4OP2F9BBvFw==

"@types/requirejs@^2.1.31":
  version "2.1.31"
  resolved "https://registry.yarnpkg.com/@types/requirejs/-/requirejs-2.1.31.tgz#a24eaa0ee4f6b84feb8f521ca6550d48490b2bc6"
  integrity sha512-b2soeyuU76rMbcRJ4e0hEl0tbMhFwZeTC0VZnfuWlfGlk6BwWNsev6kFu/twKABPX29wkX84wU2o+cEJoXsiTw==

bootstrap@^4.3.1:
  version "4.3.1"
  resolved "https://registry.yarnpkg.com/bootstrap/-/bootstrap-4.3.1.tgz#280ca8f610504d99d7b6b4bfc4b68cec601704ac"
  integrity sha512-rXqOmH1VilAt2DyPzluTi2blhk17bO7ef+zLLPlWvG494pDxcM234pJ8wTc/6R40UWizAIIMgxjvxZg5kmsbag==

core-js@^3.2.1:
  version "3.3.2"
  resolved "https://registry.yarnpkg.com/core-js/-/core-js-3.3.2.tgz#cd42da1d7b0bb33ef11326be3a721934277ceb42"
  integrity sha512-S1FfZpeBchkhyoY76YAdFzKS4zz9aOK7EeFaNA2aJlyXyA+sgqz6xdxmLPGXEAf0nF44MVN1kSjrA9Kt3ATDQg==

es6-object-assign@^1.1.0:
  version "1.1.0"
  resolved "https://registry.yarnpkg.com/es6-object-assign/-/es6-object-assign-1.1.0.tgz#c2c3582656247c39ea107cb1e6652b6f9f24523c"
  integrity sha1-wsNYJlYkfDnqEHyx5mUrb58kUjw=

jquery@^3.4.1:
  version "3.4.1"
  resolved "https://registry.yarnpkg.com/jquery/-/jquery-3.4.1.tgz#714f1f8d9dde4bdfa55764ba37ef214630d80ef2"
  integrity sha512-36+AdBzCL+y6qjw5Tx7HgzeGCzC81MDDgaUP8ld2zhx58HdqXGoBd+tHdrBMiyjGQs0Hxs/MLZTu/eHNJJuWPw==

linq@^3.2.1:
  version "3.2.1"
  resolved "https://registry.yarnpkg.com/linq/-/linq-3.2.1.tgz#f9ab90ed2e563cd053215e7316520f7e5287a78e"
  integrity sha512-BEhjQpbvrKPWlg5m/+PXTHsQoXzzR0UWCvgI8Hm+WtUMtTwPvw9Tay5CWfqsWSVk81wqbHNDFpFXyqBmm4/dqA==

luxon@^1.19.3:
  version "1.19.3"
  resolved "https://registry.yarnpkg.com/luxon/-/luxon-1.19.3.tgz#86c04a1395529b4386ae235a8fe16d0a82a0695b"
  integrity sha512-YwTDjGRQC0QC9Iya2g2eKZfgEFqRId4ZoLHORQcfTMB/5xrTx427V7ZPjQJ1vzvhA2vJfG2bh1Kv8V8IFMWCUA==

popper.js@^1.15.0:
  version "1.16.0"
  resolved "https://registry.yarnpkg.com/popper.js/-/popper.js-1.16.0.tgz#2e1816bcbbaa518ea6c2e15a466f4cb9c6e2fbb3"
  integrity sha512-+G+EkOPoE5S/zChTpmBSSDYmhXJ5PsW8eMhH8cP/CQHMFPBG/kC9Y5IIw6qNYgdJ+/COf0ddY2li28iHaZRSjw==

promise-polyfill@^6.0.2:
  version "6.1.0"
  resolved "https://registry.yarnpkg.com/promise-polyfill/-/promise-polyfill-6.1.0.tgz#dfa96943ea9c121fca4de9b5868cb39d3472e057"
  integrity sha1-36lpQ+qcEh/KTem1hoyznTRy4Fc=

sweetalert@^2.1.2:
  version "2.1.2"
  resolved "https://registry.yarnpkg.com/sweetalert/-/sweetalert-2.1.2.tgz#010baaa80d0dbdc86f96bfcaa96b490728594b79"
  integrity sha512-iWx7X4anRBNDa/a+AdTmvAzQtkN1+s4j/JJRWlHpYE8Qimkohs8/XnFcWeYHH2lMA8LRCa5tj2d244If3S/hzA==
  dependencies:
    es6-object-assign "^1.1.0"
    promise-polyfill "^6.0.2"

ts-polyfill@^3.5.3:
  version "3.5.3"
  resolved "https://registry.yarnpkg.com/ts-polyfill/-/ts-polyfill-3.5.3.tgz#4e58753c357a6243db658955e66b7e249044cd51"
  integrity sha512-sEMZGBnCnVOkQmK1qBlt/PyHIrdzhl5FKE/SvgSn8GSiZlFBGvMIK+594A3TJ5GHbYIjYK9+V/2ELB3fz99X/A==
  dependencies:
    core-js "^3.2.1"

tslib@^1.10.0:
  version "1.10.0"
  resolved "https://registry.yarnpkg.com/tslib/-/tslib-1.10.0.tgz#c3c19f95973fb0a62973fb09d90d961ee43e5c8a"
  integrity sha512-qOebF53frne81cf0S9B41ByenJ3/IuH8yJKngAX35CmiZySA0khhkovshKK+jGCaMnVomla7gVlIcc3EvKPbTQ==
